
Microsoft Visual Studio Solution File, Format Version 12.00
# Visual Studio 15
VisualStudioVersion = 15.0.26430.15
MinimumVisualStudioVersion = 10.0.40219.1
Project("{FAE04EC0-301F-11D3-BF4B-00C04F79EFBC}") = "WebApplication4", "WebApplication4\WebApplication4.csproj", "{B2D68BB2-D3F8-42F2-872E-BFE2006A8DCE}"
EndProject
Project("{FAE04EC0-301F-11D3-BF4B-00C04F79EFBC}") = "WebApplication4.Tests", "WebApplication4.Tests\WebApplication4.Tests.csproj", "{36B2A661-7679-48FA-A65D-11A3D4AAEC33}"
EndProject
Project("{FAE04EC0-301F-11D3-BF4B-00C04F79EFBC}") = "UnitTestProject1", "UnitTestProject1\UnitTestProject1.csproj", "{0BDBB5DB-C030-48E2-8C3F-D61E5283D2DC}"
EndProject
Global
	GlobalSection(SolutionConfigurationPlatforms) = preSolution
		Debug|Any CPU = Debug|Any CPU
		Release|Any CPU = Release|Any CPU
	EndGlobalSection
	GlobalSection(ProjectConfigurationPlatforms) = postSolution
		{B2D68BB2-D3F8-42F2-872E-BFE2006A8DCE}.Debug|Any CPU.ActiveCfg = Debug|Any CPU
		{B2D68BB2-D3F8-42F2-872E-BFE2006A8DCE}.Debug|Any CPU.Build.0 = Debug|Any CPU
		{B2D68BB2-D3F8-42F2-872E-BFE2006A8DCE}.Release|Any CPU.ActiveCfg = Release|Any CPU
		{B2D68BB2-D3F8-42F2-872E-BFE2006A8DCE}.Release|Any CPU.Build.0 = Release|Any CPU
		{36B2A661-7679-48FA-A65D-11A3D4AAEC33}.Debug|Any CPU.ActiveCfg = Debug|Any CPU
		{36B2A661-7679-48FA-A65D-11A3D4AAEC33}.Debug|Any CPU.Build.0 = Debug|Any CPU
		{36B2A661-7679-48FA-A65D-11A3D4AAEC33}.Release|Any CPU.ActiveCfg = Release|Any CPU
		{36B2A661-7679-48FA-A65D-11A3D4AAEC33}.Release|Any CPU.Build.0 = Release|Any CPU
		{0BDBB5DB-C030-48E2-8C3F-D61E5283D2DC}.Debug|Any CPU.ActiveCfg = Debug|Any CPU
		{0BDBB5DB-C030-48E2-8C3F-D61E5283D2DC}.Debug|Any CPU.Build.0 = Debug|Any CPU
		{0BDBB5DB-C030-48E2-8C3F-D61E5283D2DC}.Release|Any CPU.ActiveCfg = Release|Any CPU
		{0BDBB5DB-C030-48E2-8C3F-D61E5283D2DC}.Release|Any CPU.Build.0 = Release|Any CPU
	EndGlobalSection
	GlobalSection(SolutionProperties) = preSolution
		HideSolutionNode = FALSE
	EndGlobalSection
EndGlobal
